// !$*UTF8*$!
{
	archiveVersion = 1;
	classes = {
	};
	objectVersion = 50;
	objects = {

/* Begin PBXBuildFile section */
		37D0FC75227753EC0039BE3C /* AppDelegate.m in Sources */ = {isa = PBXBuildFile; fileRef = 37D0FC74227753EC0039BE3C /* AppDelegate.m */; };
		37D0FC80227753EF0039BE3C /* Assets.xcassets in Resources */ = {isa = PBXBuildFile; fileRef = 37D0FC7F227753EF0039BE3C /* Assets.xcassets */; };
		37D0FC86227753EF0039BE3C /* main.m in Sources */ = {isa = PBXBuildFile; fileRef = 37D0FC85227753EF0039BE3C /* main.m */; };
		37D0FCA922776ACF0039BE3C /* HTML in Resources */ = {isa = PBXBuildFile; fileRef = 37D0FCA822776ACF0039BE3C /* HTML */; };
		4D33AB52227873E500CDFC49 /* Main.storyboard in Resources */ = {isa = PBXBuildFile; fileRef = 4D33AB51227873E500CDFC49 /* Main.storyboard */; };
		4D33AB542278742A00CDFC49 /* LaunchScreen.storyboard in Resources */ = {isa = PBXBuildFile; fileRef = 4D33AB532278742A00CDFC49 /* LaunchScreen.storyboard */; };
		4D33AB57227877EA00CDFC49 /* WebKit.framework in Frameworks */ = {isa = PBXBuildFile; fileRef = 4D33AB56227877EA00CDFC49 /* WebKit.framework */; };
		4D33AB5922787A7700CDFC49 /* SourcesViewController.m in Sources */ = {isa = PBXBuildFile; fileRef = 4D33AB5822787A7700CDFC49 /* SourcesViewController.m */; };
		4D33AB5D2278890600CDFC49 /* DepictionViewController.m in Sources */ = {isa = PBXBuildFile; fileRef = 4D33AB5C2278890600CDFC49 /* DepictionViewController.m */; };
		4D33AB602278903900CDFC49 /* HeaderView.m in Sources */ = {isa = PBXBuildFile; fileRef = 4D33AB5F2278903900CDFC49 /* HeaderView.m */; };
		4D715A12227AD26C00896934 /* InstallationController.m in Sources */ = {isa = PBXBuildFile; fileRef = 4D715A11227AD26C00896934 /* InstallationController.m */; };
		66381722227A078100E92BE7 /* sections in Resources */ = {isa = PBXBuildFile; fileRef = 66381721227A078000E92BE7 /* sections */; };
		666DC9112278690100B6E03C /* HomeViewController.m in Sources */ = {isa = PBXBuildFile; fileRef = 666DC9102278690100B6E03C /* HomeViewController.m */; };
		666DC91422786B4600B6E03C /* ChangesViewController.m in Sources */ = {isa = PBXBuildFile; fileRef = 666DC91322786B4600B6E03C /* ChangesViewController.m */; };
		666DC91722786B4E00B6E03C /* SearchViewController.m in Sources */ = {isa = PBXBuildFile; fileRef = 666DC91622786B4E00B6E03C /* SearchViewController.m */; };
		666DC91A2278702100B6E03C /* InstalledViewController.m in Sources */ = {isa = PBXBuildFile; fileRef = 666DC9192278702100B6E03C /* InstalledViewController.m */; };
		66B9FCA222788D7400F1FB08 /* LMDPKGParser.m in Sources */ = {isa = PBXBuildFile; fileRef = 66B9FCA122788D7400F1FB08 /* LMDPKGParser.m */; };
/* End PBXBuildFile section */

/* Begin PBXContainerItemProxy section */
		37D0FC8C227753EF0039BE3C /* PBXContainerItemProxy */ = {
			isa = PBXContainerItemProxy;
			containerPortal = 37D0FC68227753EC0039BE3C /* Project object */;
			proxyType = 1;
			remoteGlobalIDString = 37D0FC6F227753EC0039BE3C;
			remoteInfo = Lime;
		};
		37D0FC97227753EF0039BE3C /* PBXContainerItemProxy */ = {
			isa = PBXContainerItemProxy;
			containerPortal = 37D0FC68227753EC0039BE3C /* Project object */;
			proxyType = 1;
			remoteGlobalIDString = 37D0FC6F227753EC0039BE3C;
			remoteInfo = Lime;
		};
/* End PBXContainerItemProxy section */

/* Begin PBXFileReference section */
		37D0FC70227753EC0039BE3C /* Lime.app */ = {isa = PBXFileReference; explicitFileType = wrapper.application; includeInIndex = 0; path = Lime.app; sourceTree = BUILT_PRODUCTS_DIR; };
		37D0FC73227753EC0039BE3C /* AppDelegate.h */ = {isa = PBXFileReference; lastKnownFileType = sourcecode.c.h; path = AppDelegate.h; sourceTree = "<group>"; };
		37D0FC74227753EC0039BE3C /* AppDelegate.m */ = {isa = PBXFileReference; lastKnownFileType = sourcecode.c.objc; path = AppDelegate.m; sourceTree = "<group>"; };
		37D0FC7F227753EF0039BE3C /* Assets.xcassets */ = {isa = PBXFileReference; lastKnownFileType = folder.assetcatalog; path = Assets.xcassets; sourceTree = "<group>"; };
		37D0FC84227753EF0039BE3C /* Info.plist */ = {isa = PBXFileReference; lastKnownFileType = text.plist.xml; path = Info.plist; sourceTree = "<group>"; };
		37D0FC85227753EF0039BE3C /* main.m */ = {isa = PBXFileReference; lastKnownFileType = sourcecode.c.objc; path = main.m; sourceTree = "<group>"; };
		37D0FC8B227753EF0039BE3C /* LimeTests.xctest */ = {isa = PBXFileReference; explicitFileType = wrapper.cfbundle; includeInIndex = 0; path = LimeTests.xctest; sourceTree = BUILT_PRODUCTS_DIR; };
		37D0FC96227753EF0039BE3C /* LimeUITests.xctest */ = {isa = PBXFileReference; explicitFileType = wrapper.cfbundle; includeInIndex = 0; path = LimeUITests.xctest; sourceTree = BUILT_PRODUCTS_DIR; };
		37D0FCA822776ACF0039BE3C /* HTML */ = {isa = PBXFileReference; lastKnownFileType = folder; path = HTML; sourceTree = "<group>"; };
		4D33AB51227873E500CDFC49 /* Main.storyboard */ = {isa = PBXFileReference; lastKnownFileType = file.storyboard; path = Main.storyboard; sourceTree = "<group>"; };
		4D33AB532278742A00CDFC49 /* LaunchScreen.storyboard */ = {isa = PBXFileReference; lastKnownFileType = file.storyboard; path = LaunchScreen.storyboard; sourceTree = "<group>"; };
		4D33AB56227877EA00CDFC49 /* WebKit.framework */ = {isa = PBXFileReference; lastKnownFileType = wrapper.framework; name = WebKit.framework; path = System/Library/Frameworks/WebKit.framework; sourceTree = SDKROOT; };
		4D33AB5822787A7700CDFC49 /* SourcesViewController.m */ = {isa = PBXFileReference; lastKnownFileType = sourcecode.c.objc; path = SourcesViewController.m; sourceTree = "<group>"; };
		4D33AB5A22787A8700CDFC49 /* SourcesViewController.h */ = {isa = PBXFileReference; lastKnownFileType = sourcecode.c.h; path = SourcesViewController.h; sourceTree = "<group>"; };
		4D33AB5B227888F800CDFC49 /* DepictionViewController.h */ = {isa = PBXFileReference; lastKnownFileType = sourcecode.c.h; path = DepictionViewController.h; sourceTree = "<group>"; };
		4D33AB5C2278890600CDFC49 /* DepictionViewController.m */ = {isa = PBXFileReference; lastKnownFileType = sourcecode.c.objc; path = DepictionViewController.m; sourceTree = "<group>"; };
		4D33AB5E2278902900CDFC49 /* HeaderView.h */ = {isa = PBXFileReference; lastKnownFileType = sourcecode.c.h; path = HeaderView.h; sourceTree = "<group>"; };
		4D33AB5F2278903900CDFC49 /* HeaderView.m */ = {isa = PBXFileReference; lastKnownFileType = sourcecode.c.objc; path = HeaderView.m; sourceTree = "<group>"; };
		4D715A11227AD26C00896934 /* InstallationController.m */ = {isa = PBXFileReference; lastKnownFileType = sourcecode.c.objc; path = InstallationController.m; sourceTree = "<group>"; };
		4D715A13227AD27800896934 /* InstallationController.h */ = {isa = PBXFileReference; lastKnownFileType = sourcecode.c.h; path = InstallationController.h; sourceTree = "<group>"; };
		4DE098D5227B53E800A00A43 /* CoreGraphics.framework */ = {isa = PBXFileReference; lastKnownFileType = wrapper.framework; name = CoreGraphics.framework; path = System/Library/Frameworks/CoreGraphics.framework; sourceTree = SDKROOT; };
		66381721227A078000E92BE7 /* sections */ = {isa = PBXFileReference; lastKnownFileType = folder; path = sections; sourceTree = "<group>"; };
		666DC90F2278690100B6E03C /* HomeViewController.h */ = {isa = PBXFileReference; lastKnownFileType = sourcecode.c.h; path = HomeViewController.h; sourceTree = "<group>"; };
		666DC9102278690100B6E03C /* HomeViewController.m */ = {isa = PBXFileReference; lastKnownFileType = sourcecode.c.objc; path = HomeViewController.m; sourceTree = "<group>"; };
		666DC91222786B4600B6E03C /* ChangesViewController.h */ = {isa = PBXFileReference; lastKnownFileType = sourcecode.c.h; path = ChangesViewController.h; sourceTree = "<group>"; };
		666DC91322786B4600B6E03C /* ChangesViewController.m */ = {isa = PBXFileReference; lastKnownFileType = sourcecode.c.objc; path = ChangesViewController.m; sourceTree = "<group>"; };
		666DC91522786B4E00B6E03C /* SearchViewController.h */ = {isa = PBXFileReference; lastKnownFileType = sourcecode.c.h; path = SearchViewController.h; sourceTree = "<group>"; };
		666DC91622786B4E00B6E03C /* SearchViewController.m */ = {isa = PBXFileReference; lastKnownFileType = sourcecode.c.objc; path = SearchViewController.m; sourceTree = "<group>"; };
		666DC9182278702100B6E03C /* InstalledViewController.h */ = {isa = PBXFileReference; lastKnownFileType = sourcecode.c.h; path = InstalledViewController.h; sourceTree = "<group>"; };
		666DC9192278702100B6E03C /* InstalledViewController.m */ = {isa = PBXFileReference; lastKnownFileType = sourcecode.c.objc; path = InstalledViewController.m; sourceTree = "<group>"; };
		66B9FCA022788D7400F1FB08 /* LMDPKGParser.h */ = {isa = PBXFileReference; lastKnownFileType = sourcecode.c.h; path = LMDPKGParser.h; sourceTree = "<group>"; };
		66B9FCA122788D7400F1FB08 /* LMDPKGParser.m */ = {isa = PBXFileReference; lastKnownFileType = sourcecode.c.objc; path = LMDPKGParser.m; sourceTree = "<group>"; };
/* End PBXFileReference section */

/* Begin PBXFrameworksBuildPhase section */
		37D0FC6D227753EC0039BE3C /* Frameworks */ = {
			isa = PBXFrameworksBuildPhase;
			buildActionMask = 2147483647;
			files = (
				4D33AB57227877EA00CDFC49 /* WebKit.framework in Frameworks */,
			);
			runOnlyForDeploymentPostprocessing = 0;
		};
		37D0FC88227753EF0039BE3C /* Frameworks */ = {
			isa = PBXFrameworksBuildPhase;
			buildActionMask = 2147483647;
			files = (
			);
			runOnlyForDeploymentPostprocessing = 0;
		};
		37D0FC93227753EF0039BE3C /* Frameworks */ = {
			isa = PBXFrameworksBuildPhase;
			buildActionMask = 2147483647;
			files = (
			);
			runOnlyForDeploymentPostprocessing = 0;
		};
/* End PBXFrameworksBuildPhase section */

/* Begin PBXGroup section */
		37D0FC67227753EC0039BE3C = {
			isa = PBXGroup;
			children = (
				37D0FC72227753EC0039BE3C /* Lime */,
				37D0FC71227753EC0039BE3C /* Products */,
				37D0FCA822776ACF0039BE3C /* HTML */,
				4D33AB55227877EA00CDFC49 /* Frameworks */,
			);
			sourceTree = "<group>";
		};
		37D0FC71227753EC0039BE3C /* Products */ = {
			isa = PBXGroup;
			children = (
				37D0FC70227753EC0039BE3C /* Lime.app */,
				37D0FC8B227753EF0039BE3C /* LimeTests.xctest */,
				37D0FC96227753EF0039BE3C /* LimeUITests.xctest */,
			);
			name = Products;
			sourceTree = "<group>";
		};
		37D0FC72227753EC0039BE3C /* Lime */ = {
			isa = PBXGroup;
			children = (
				66381721227A078000E92BE7 /* sections */,
				4D33AB51227873E500CDFC49 /* Main.storyboard */,
				4D33AB532278742A00CDFC49 /* LaunchScreen.storyboard */,
				37D0FC73227753EC0039BE3C /* AppDelegate.h */,
				37D0FC74227753EC0039BE3C /* AppDelegate.m */,
				4D715A13227AD27800896934 /* InstallationController.h */,
				4D715A11227AD26C00896934 /* InstallationController.m */,
				666DC90F2278690100B6E03C /* HomeViewController.h */,
				666DC9102278690100B6E03C /* HomeViewController.m */,
				4D33AB5E2278902900CDFC49 /* HeaderView.h */,
				4D33AB5F2278903900CDFC49 /* HeaderView.m */,
				4D33AB5B227888F800CDFC49 /* DepictionViewController.h */,
				4D33AB5C2278890600CDFC49 /* DepictionViewController.m */,
				666DC91222786B4600B6E03C /* ChangesViewController.h */,
				666DC91322786B4600B6E03C /* ChangesViewController.m */,
				666DC91522786B4E00B6E03C /* SearchViewController.h */,
				666DC91622786B4E00B6E03C /* SearchViewController.m */,
				4D33AB5A22787A8700CDFC49 /* SourcesViewController.h */,
				4D33AB5822787A7700CDFC49 /* SourcesViewController.m */,
				666DC9182278702100B6E03C /* InstalledViewController.h */,
				666DC9192278702100B6E03C /* InstalledViewController.m */,
				66B9FCA022788D7400F1FB08 /* LMDPKGParser.h */,
				66B9FCA122788D7400F1FB08 /* LMDPKGParser.m */,
				37D0FC7F227753EF0039BE3C /* Assets.xcassets */,
				37D0FC84227753EF0039BE3C /* Info.plist */,
				37D0FC85227753EF0039BE3C /* main.m */,
			);
			path = Lime;
			sourceTree = "<group>";
		};
		4D33AB55227877EA00CDFC49 /* Frameworks */ = {
			isa = PBXGroup;
			children = (
				4DE098D5227B53E800A00A43 /* CoreGraphics.framework */,
				4D33AB56227877EA00CDFC49 /* WebKit.framework */,
			);
			name = Frameworks;
			sourceTree = "<group>";
		};
/* End PBXGroup section */

/* Begin PBXNativeTarget section */
		37D0FC6F227753EC0039BE3C /* Lime */ = {
			isa = PBXNativeTarget;
			buildConfigurationList = 37D0FC9F227753EF0039BE3C /* Build configuration list for PBXNativeTarget "Lime" */;
			buildPhases = (
				37D0FC6C227753EC0039BE3C /* Sources */,
				37D0FC6D227753EC0039BE3C /* Frameworks */,
				37D0FC6E227753EC0039BE3C /* Resources */,
			);
			buildRules = (
			);
			dependencies = (
			);
			name = Lime;
			productName = Lime;
			productReference = 37D0FC70227753EC0039BE3C /* Lime.app */;
			productType = "com.apple.product-type.application";
		};
		37D0FC8A227753EF0039BE3C /* LimeTests */ = {
			isa = PBXNativeTarget;
			buildConfigurationList = 37D0FCA2227753EF0039BE3C /* Build configuration list for PBXNativeTarget "LimeTests" */;
			buildPhases = (
				37D0FC87227753EF0039BE3C /* Sources */,
				37D0FC88227753EF0039BE3C /* Frameworks */,
				37D0FC89227753EF0039BE3C /* Resources */,
			);
			buildRules = (
			);
			dependencies = (
				37D0FC8D227753EF0039BE3C /* PBXTargetDependency */,
			);
			name = LimeTests;
			productName = LimeTests;
			productReference = 37D0FC8B227753EF0039BE3C /* LimeTests.xctest */;
			productType = "com.apple.product-type.bundle.unit-test";
		};
		37D0FC95227753EF0039BE3C /* LimeUITests */ = {
			isa = PBXNativeTarget;
			buildConfigurationList = 37D0FCA5227753EF0039BE3C /* Build configuration list for PBXNativeTarget "LimeUITests" */;
			buildPhases = (
				37D0FC92227753EF0039BE3C /* Sources */,
				37D0FC93227753EF0039BE3C /* Frameworks */,
				37D0FC94227753EF0039BE3C /* Resources */,
			);
			buildRules = (
			);
			dependencies = (
				37D0FC98227753EF0039BE3C /* PBXTargetDependency */,
			);
			name = LimeUITests;
			productName = LimeUITests;
			productReference = 37D0FC96227753EF0039BE3C /* LimeUITests.xctest */;
			productType = "com.apple.product-type.bundle.ui-testing";
		};
/* End PBXNativeTarget section */

/* Begin PBXProject section */
		37D0FC68227753EC0039BE3C /* Project object */ = {
			isa = PBXProject;
			attributes = {
				LastUpgradeCheck = 1010;
				ORGANIZATIONNAME = Daniel;
				TargetAttributes = {
					37D0FC6F227753EC0039BE3C = {
						CreatedOnToolsVersion = 10.1;
					};
					37D0FC8A227753EF0039BE3C = {
						CreatedOnToolsVersion = 10.1;
						TestTargetID = 37D0FC6F227753EC0039BE3C;
					};
					37D0FC95227753EF0039BE3C = {
						CreatedOnToolsVersion = 10.1;
						TestTargetID = 37D0FC6F227753EC0039BE3C;
					};
				};
			};
			buildConfigurationList = 37D0FC6B227753EC0039BE3C /* Build configuration list for PBXProject "Lime" */;
			compatibilityVersion = "Xcode 9.3";
			developmentRegion = en;
			hasScannedForEncodings = 0;
			knownRegions = (
				en,
				Base,
			);
			mainGroup = 37D0FC67227753EC0039BE3C;
			productRefGroup = 37D0FC71227753EC0039BE3C /* Products */;
			projectDirPath = "";
			projectRoot = "";
			targets = (
				37D0FC6F227753EC0039BE3C /* Lime */,
				37D0FC8A227753EF0039BE3C /* LimeTests */,
				37D0FC95227753EF0039BE3C /* LimeUITests */,
			);
		};
/* End PBXProject section */

/* Begin PBXResourcesBuildPhase section */
		37D0FC6E227753EC0039BE3C /* Resources */ = {
			isa = PBXResourcesBuildPhase;
			buildActionMask = 2147483647;
			files = (
				37D0FCA922776ACF0039BE3C /* HTML in Resources */,
				66381722227A078100E92BE7 /* sections in Resources */,
				37D0FC80227753EF0039BE3C /* Assets.xcassets in Resources */,
				4D33AB542278742A00CDFC49 /* LaunchScreen.storyboard in Resources */,
				4D33AB52227873E500CDFC49 /* Main.storyboard in Resources */,
			);
			runOnlyForDeploymentPostprocessing = 0;
		};
		37D0FC89227753EF0039BE3C /* Resources */ = {
			isa = PBXResourcesBuildPhase;
			buildActionMask = 2147483647;
			files = (
			);
			runOnlyForDeploymentPostprocessing = 0;
		};
		37D0FC94227753EF0039BE3C /* Resources */ = {
			isa = PBXResourcesBuildPhase;
			buildActionMask = 2147483647;
			files = (
			);
			runOnlyForDeploymentPostprocessing = 0;
		};
/* End PBXResourcesBuildPhase section */

/* Begin PBXSourcesBuildPhase section */
		37D0FC6C227753EC0039BE3C /* Sources */ = {
			isa = PBXSourcesBuildPhase;
			buildActionMask = 2147483647;
			files = (
				37D0FC75227753EC0039BE3C /* AppDelegate.m in Sources */,
				4D715A12227AD26C00896934 /* InstallationController.m in Sources */,
				4D33AB602278903900CDFC49 /* HeaderView.m in Sources */,
				666DC91A2278702100B6E03C /* InstalledViewController.m in Sources */,
				4D33AB5D2278890600CDFC49 /* DepictionViewController.m in Sources */,
				4D33AB5922787A7700CDFC49 /* SourcesViewController.m in Sources */,
				37D0FC86227753EF0039BE3C /* main.m in Sources */,
				666DC91722786B4E00B6E03C /* SearchViewController.m in Sources */,
				66B9FCA222788D7400F1FB08 /* LMDPKGParser.m in Sources */,
				666DC91422786B4600B6E03C /* ChangesViewController.m in Sources */,
				666DC9112278690100B6E03C /* HomeViewController.m in Sources */,
			);
			runOnlyForDeploymentPostprocessing = 0;
		};
		37D0FC87227753EF0039BE3C /* Sources */ = {
			isa = PBXSourcesBuildPhase;
			buildActionMask = 2147483647;
			files = (
			);
			runOnlyForDeploymentPostprocessing = 0;
		};
		37D0FC92227753EF0039BE3C /* Sources */ = {
			isa = PBXSourcesBuildPhase;
			buildActionMask = 2147483647;
			files = (
			);
			runOnlyForDeploymentPostprocessing = 0;
		};
/* End PBXSourcesBuildPhase section */

/* Begin PBXTargetDependency section */
		37D0FC8D227753EF0039BE3C /* PBXTargetDependency */ = {
			isa = PBXTargetDependency;
			target = 37D0FC6F227753EC0039BE3C /* Lime */;
			targetProxy = 37D0FC8C227753EF0039BE3C /* PBXContainerItemProxy */;
		};
		37D0FC98227753EF0039BE3C /* PBXTargetDependency */ = {
			isa = PBXTargetDependency;
			target = 37D0FC6F227753EC0039BE3C /* Lime */;
			targetProxy = 37D0FC97227753EF0039BE3C /* PBXContainerItemProxy */;
		};
/* End PBXTargetDependency section */

/* Begin XCBuildConfiguration section */
		37D0FC9D227753EF0039BE3C /* Debug */ = {
			isa = XCBuildConfiguration;
			buildSettings = {
				ALWAYS_SEARCH_USER_PATHS = NO;
				CLANG_ANALYZER_NONNULL = YES;
				CLANG_ANALYZER_NUMBER_OBJECT_CONVERSION = YES_AGGRESSIVE;
				CLANG_CXX_LANGUAGE_STANDARD = "gnu++14";
				CLANG_CXX_LIBRARY = "libc++";
				CLANG_ENABLE_MODULES = YES;
				CLANG_ENABLE_OBJC_ARC = YES;
				CLANG_ENABLE_OBJC_WEAK = YES;
				CLANG_WARN_BLOCK_CAPTURE_AUTORELEASING = YES;
				CLANG_WARN_BOOL_CONVERSION = YES;
				CLANG_WARN_COMMA = YES;
				CLANG_WARN_CONSTANT_CONVERSION = YES;
				CLANG_WARN_DEPRECATED_OBJC_IMPLEMENTATIONS = YES;
				CLANG_WARN_DIRECT_OBJC_ISA_USAGE = YES_ERROR;
				CLANG_WARN_DOCUMENTATION_COMMENTS = YES;
				CLANG_WARN_EMPTY_BODY = YES;
				CLANG_WARN_ENUM_CONVERSION = YES;
				CLANG_WARN_INFINITE_RECURSION = YES;
				CLANG_WARN_INT_CONVERSION = YES;
				CLANG_WARN_NON_LITERAL_NULL_CONVERSION = YES;
				CLANG_WARN_OBJC_IMPLICIT_RETAIN_SELF = YES;
				CLANG_WARN_OBJC_LITERAL_CONVERSION = YES;
				CLANG_WARN_OBJC_ROOT_CLASS = YES_ERROR;
				CLANG_WARN_RANGE_LOOP_ANALYSIS = YES;
				CLANG_WARN_STRICT_PROTOTYPES = YES;
				CLANG_WARN_SUSPICIOUS_MOVE = YES;
				CLANG_WARN_UNGUARDED_AVAILABILITY = YES_AGGRESSIVE;
				CLANG_WARN_UNREACHABLE_CODE = YES;
				CLANG_WARN__DUPLICATE_METHOD_MATCH = YES;
				CODE_SIGN_IDENTITY = "";
				COPY_PHASE_STRIP = NO;
				DEBUG_INFORMATION_FORMAT = dwarf;
				ENABLE_STRICT_OBJC_MSGSEND = YES;
				ENABLE_TESTABILITY = YES;
				GCC_C_LANGUAGE_STANDARD = gnu11;
				GCC_DYNAMIC_NO_PIC = NO;
				GCC_NO_COMMON_BLOCKS = YES;
				GCC_OPTIMIZATION_LEVEL = 0;
				GCC_PREPROCESSOR_DEFINITIONS = (
					"DEBUG=1",
					"$(inherited)",
				);
				GCC_WARN_64_TO_32_BIT_CONVERSION = YES;
				GCC_WARN_ABOUT_RETURN_TYPE = YES_ERROR;
				GCC_WARN_UNDECLARED_SELECTOR = YES;
				GCC_WARN_UNINITIALIZED_AUTOS = YES_AGGRESSIVE;
				GCC_WARN_UNUSED_FUNCTION = YES;
				GCC_WARN_UNUSED_VARIABLE = YES;
				IPHONEOS_DEPLOYMENT_TARGET = 12.1;
				MTL_ENABLE_DEBUG_INFO = INCLUDE_SOURCE;
				MTL_FAST_MATH = YES;
				ONLY_ACTIVE_ARCH = YES;
				SDKROOT = iphoneos;
			};
			name = Debug;
		};
		37D0FC9E227753EF0039BE3C /* Release */ = {
			isa = XCBuildConfiguration;
			buildSettings = {
				ALWAYS_SEARCH_USER_PATHS = NO;
				CLANG_ANALYZER_NONNULL = YES;
				CLANG_ANALYZER_NUMBER_OBJECT_CONVERSION = YES_AGGRESSIVE;
				CLANG_CXX_LANGUAGE_STANDARD = "gnu++14";
				CLANG_CXX_LIBRARY = "libc++";
				CLANG_ENABLE_MODULES = YES;
				CLANG_ENABLE_OBJC_ARC = YES;
				CLANG_ENABLE_OBJC_WEAK = YES;
				CLANG_WARN_BLOCK_CAPTURE_AUTORELEASING = YES;
				CLANG_WARN_BOOL_CONVERSION = YES;
				CLANG_WARN_COMMA = YES;
				CLANG_WARN_CONSTANT_CONVERSION = YES;
				CLANG_WARN_DEPRECATED_OBJC_IMPLEMENTATIONS = YES;
				CLANG_WARN_DIRECT_OBJC_ISA_USAGE = YES_ERROR;
				CLANG_WARN_DOCUMENTATION_COMMENTS = YES;
				CLANG_WARN_EMPTY_BODY = YES;
				CLANG_WARN_ENUM_CONVERSION = YES;
				CLANG_WARN_INFINITE_RECURSION = YES;
				CLANG_WARN_INT_CONVERSION = YES;
				CLANG_WARN_NON_LITERAL_NULL_CONVERSION = YES;
				CLANG_WARN_OBJC_IMPLICIT_RETAIN_SELF = YES;
				CLANG_WARN_OBJC_LITERAL_CONVERSION = YES;
				CLANG_WARN_OBJC_ROOT_CLASS = YES_ERROR;
				CLANG_WARN_RANGE_LOOP_ANALYSIS = YES;
				CLANG_WARN_STRICT_PROTOTYPES = YES;
				CLANG_WARN_SUSPICIOUS_MOVE = YES;
				CLANG_WARN_UNGUARDED_AVAILABILITY = YES_AGGRESSIVE;
				CLANG_WARN_UNREACHABLE_CODE = YES;
				CLANG_WARN__DUPLICATE_METHOD_MATCH = YES;
				CODE_SIGN_IDENTITY = "";
				COPY_PHASE_STRIP = NO;
				DEBUG_INFORMATION_FORMAT = "dwarf-with-dsym";
				ENABLE_NS_ASSERTIONS = NO;
				ENABLE_STRICT_OBJC_MSGSEND = YES;
				GCC_C_LANGUAGE_STANDARD = gnu11;
				GCC_NO_COMMON_BLOCKS = YES;
				GCC_WARN_64_TO_32_BIT_CONVERSION = YES;
				GCC_WARN_ABOUT_RETURN_TYPE = YES_ERROR;
				GCC_WARN_UNDECLARED_SELECTOR = YES;
				GCC_WARN_UNINITIALIZED_AUTOS = YES_AGGRESSIVE;
				GCC_WARN_UNUSED_FUNCTION = YES;
				GCC_WARN_UNUSED_VARIABLE = YES;
				IPHONEOS_DEPLOYMENT_TARGET = 12.1;
				MTL_ENABLE_DEBUG_INFO = NO;
				MTL_FAST_MATH = YES;
				SDKROOT = iphoneos;
				VALIDATE_PRODUCT = YES;
			};
			name = Release;
		};
		37D0FCA0227753EF0039BE3C /* Debug */ = {
			isa = XCBuildConfiguration;
			buildSettings = {
				ASSETCATALOG_COMPILER_APPICON_NAME = AppIcon;
				CODE_SIGN_IDENTITY = "iPhone Developer";
				CODE_SIGN_STYLE = Automatic;
				DEVELOPMENT_TEAM = 9859KQSN8L;
				INFOPLIST_FILE = Lime/Info.plist;
				LD_RUNPATH_SEARCH_PATHS = (
					"$(inherited)",
					"@executable_path/Frameworks",
				);
				PRODUCT_BUNDLE_IDENTIFIER = com.notdan.Lime;
				PRODUCT_NAME = "$(TARGET_NAME)";
				PROVISIONING_PROFILE_SPECIFIER = "";
				TARGETED_DEVICE_FAMILY = "1,2";
			};
			name = Debug;
		};
		37D0FCA1227753EF0039BE3C /* Release */ = {
			isa = XCBuildConfiguration;
			buildSettings = {
				ASSETCATALOG_COMPILER_APPICON_NAME = AppIcon;
				CODE_SIGN_IDENTITY = "iPhone Developer";
				CODE_SIGN_STYLE = Automatic;
				DEVELOPMENT_TEAM = 9859KQSN8L;
				INFOPLIST_FILE = Lime/Info.plist;
				LD_RUNPATH_SEARCH_PATHS = (
					"$(inherited)",
					"@executable_path/Frameworks",
				);
				PRODUCT_BUNDLE_IDENTIFIER = com.notdan.Lime;
				PRODUCT_NAME = "$(TARGET_NAME)";
				PROVISIONING_PROFILE_SPECIFIER = "";
				TARGETED_DEVICE_FAMILY = "1,2";
			};
			name = Release;
		};
		37D0FCA3227753EF0039BE3C /* Debug */ = {
			isa = XCBuildConfiguration;
			buildSettings = {
				BUNDLE_LOADER = "$(TEST_HOST)";
				CODE_SIGN_IDENTITY = "";
				CODE_SIGN_STYLE = Manual;
				DEVELOPMENT_TEAM = "";
				INFOPLIST_FILE = LimeTests/Info.plist;
				LD_RUNPATH_SEARCH_PATHS = (
					"$(inherited)",
					"@executable_path/Frameworks",
					"@loader_path/Frameworks",
				);
				PRODUCT_BUNDLE_IDENTIFIER = com.notdan.LimeTests;
				PRODUCT_NAME = "$(TARGET_NAME)";
				PROVISIONING_PROFILE_SPECIFIER = "";
				TARGETED_DEVICE_FAMILY = "1,2";
				TEST_HOST = "$(BUILT_PRODUCTS_DIR)/Lime.app/Lime";
			};
			name = Debug;
		};
		37D0FCA4227753EF0039BE3C /* Release */ = {
			isa = XCBuildConfiguration;
			buildSettings = {
				BUNDLE_LOADER = "$(TEST_HOST)";
				CODE_SIGN_IDENTITY = "";
				CODE_SIGN_STYLE = Manual;
				DEVELOPMENT_TEAM = "";
				INFOPLIST_FILE = LimeTests/Info.plist;
				LD_RUNPATH_SEARCH_PATHS = (
					"$(inherited)",
					"@executable_path/Frameworks",
					"@loader_path/Frameworks",
				);
				PRODUCT_BUNDLE_IDENTIFIER = com.notdan.LimeTests;
				PRODUCT_NAME = "$(TARGET_NAME)";
				PROVISIONING_PROFILE_SPECIFIER = "";
				TARGETED_DEVICE_FAMILY = "1,2";
				TEST_HOST = "$(BUILT_PRODUCTS_DIR)/Lime.app/Lime";
			};
			name = Release;
		};
		37D0FCA6227753EF0039BE3C /* Debug */ = {
			isa = XCBuildConfiguration;
			buildSettings = {
				CODE_SIGN_STYLE = Automatic;
				DEVELOPMENT_TEAM = 33GU98BCDS;
				INFOPLIST_FILE = LimeUITests/Info.plist;
				LD_RUNPATH_SEARCH_PATHS = (
					"$(inherited)",
					"@executable_path/Frameworks",
					"@loader_path/Frameworks",
				);
				PRODUCT_BUNDLE_IDENTIFIER = com.notdan.LimeUITests;
				PRODUCT_NAME = "$(TARGET_NAME)";
				TARGETED_DEVICE_FAMILY = "1,2";
				TEST_TARGET_NAME = Lime;
			};
			name = Debug;
		};
		37D0FCA7227753EF0039BE3C /* Release */ = {
			isa = XCBuildConfiguration;
			buildSettings = {
				CODE_SIGN_STYLE = Automatic;
				DEVELOPMENT_TEAM = 33GU98BCDS;
				INFOPLIST_FILE = LimeUITests/Info.plist;
				LD_RUNPATH_SEARCH_PATHS = (
					"$(inherited)",
					"@executable_path/Frameworks",
					"@loader_path/Frameworks",
				);
				PRODUCT_BUNDLE_IDENTIFIER = com.notdan.LimeUITests;
				PRODUCT_NAME = "$(TARGET_NAME)";
				TARGETED_DEVICE_FAMILY = "1,2";
				TEST_TARGET_NAME = Lime;
			};
			name = Release;
		};
/* End XCBuildConfiguration section */

/* Begin XCConfigurationList section */
		37D0FC6B227753EC0039BE3C /* Build configuration list for PBXProject "Lime" */ = {
			isa = XCConfigurationList;
			buildConfigurations = (
				37D0FC9D227753EF0039BE3C /* Debug */,
				37D0FC9E227753EF0039BE3C /* Release */,
			);
			defaultConfigurationIsVisible = 0;
			defaultConfigurationName = Release;
		};
		37D0FC9F227753EF0039BE3C /* Build configuration list for PBXNativeTarget "Lime" */ = {
			isa = XCConfigurationList;
			buildConfigurations = (
				37D0FCA0227753EF0039BE3C /* Debug */,
				37D0FCA1227753EF0039BE3C /* Release */,
			);
			defaultConfigurationIsVisible = 0;
			defaultConfigurationName = Release;
		};
		37D0FCA2227753EF0039BE3C /* Build configuration list for PBXNativeTarget "LimeTests" */ = {
			isa = XCConfigurationList;
			buildConfigurations = (
				37D0FCA3227753EF0039BE3C /* Debug */,
				37D0FCA4227753EF0039BE3C /* Release */,
			);
			defaultConfigurationIsVisible = 0;
			defaultConfigurationName = Release;
		};
		37D0FCA5227753EF0039BE3C /* Build configuration list for PBXNativeTarget "LimeUITests" */ = {
			isa = XCConfigurationList;
			buildConfigurations = (
				37D0FCA6227753EF0039BE3C /* Debug */,
				37D0FCA7227753EF0039BE3C /* Release */,
			);
			defaultConfigurationIsVisible = 0;
			defaultConfigurationName = Release;
		};
/* End XCConfigurationList section */
	};
	rootObject = 37D0FC68227753EC0039BE3C /* Project object */;
}
