// !$*UTF8*$!
{
	archiveVersion = 1;
	classes = {
	};
	objectVersion = 50;
	objects = {

/* Begin PBXBuildFile section */
		CE437CEC23E6E86300C26D54 /* LMDatabase.m in Sources */ = {isa = PBXBuildFile; fileRef = CE437CEB23E6E86300C26D54 /* LMDatabase.m */; };
		CE437CEF23E6EDD200C26D54 /* libsqlite3.tbd in Frameworks */ = {isa = PBXBuildFile; fileRef = CE437CEE23E6EDD200C26D54 /* libsqlite3.tbd */; };
		CE7478D923E70E9900D65C99 /* LMRepository.m in Sources */ = {isa = PBXBuildFile; fileRef = CE7478D823E70E9900D65C99 /* LMRepository.m */; };
		CE7478DC23E70EA600D65C99 /* LMPackage.m in Sources */ = {isa = PBXBuildFile; fileRef = CE7478DB23E70EA600D65C99 /* LMPackage.m */; };
		CEA6391E23E6D90B0046CFEF /* LMAppDelegate.m in Sources */ = {isa = PBXBuildFile; fileRef = CEA6391D23E6D90B0046CFEF /* LMAppDelegate.m */; };
		CEA6392A23E6D90B0046CFEF /* Main.storyboard in Resources */ = {isa = PBXBuildFile; fileRef = CEA6392823E6D90B0046CFEF /* Main.storyboard */; };
		CEA6392C23E6D90E0046CFEF /* Assets.xcassets in Resources */ = {isa = PBXBuildFile; fileRef = CEA6392B23E6D90E0046CFEF /* Assets.xcassets */; };
		CEA6392F23E6D90E0046CFEF /* LaunchScreen.storyboard in Resources */ = {isa = PBXBuildFile; fileRef = CEA6392D23E6D90E0046CFEF /* LaunchScreen.storyboard */; };
		CEA6393223E6D90E0046CFEF /* main.m in Sources */ = {isa = PBXBuildFile; fileRef = CEA6393123E6D90E0046CFEF /* main.m */; };
		E12727A523E6ED82006443FF /* LMHomeViewController.m in Sources */ = {isa = PBXBuildFile; fileRef = E12727A423E6ED82006443FF /* LMHomeViewController.m */; };
		E12727A823E6EDB5006443FF /* LMSourcesTableViewController.m in Sources */ = {isa = PBXBuildFile; fileRef = E12727A723E6EDB5006443FF /* LMSourcesTableViewController.m */; };
		E12727AB23E6EDC9006443FF /* LMManageTableViewController.m in Sources */ = {isa = PBXBuildFile; fileRef = E12727AA23E6EDC9006443FF /* LMManageTableViewController.m */; };
		E12727AE23E6EDDD006443FF /* LMSearchTableViewController.m in Sources */ = {isa = PBXBuildFile; fileRef = E12727AD23E6EDDD006443FF /* LMSearchTableViewController.m */; };
/* End PBXBuildFile section */

/* Begin PBXFileReference section */
		CE437CEA23E6E86300C26D54 /* LMDatabase.h */ = {isa = PBXFileReference; lastKnownFileType = sourcecode.c.h; path = LMDatabase.h; sourceTree = "<group>"; };
		CE437CEB23E6E86300C26D54 /* LMDatabase.m */ = {isa = PBXFileReference; lastKnownFileType = sourcecode.c.objc; path = LMDatabase.m; sourceTree = "<group>"; };
		CE437CEE23E6EDD200C26D54 /* libsqlite3.tbd */ = {isa = PBXFileReference; lastKnownFileType = "sourcecode.text-based-dylib-definition"; name = libsqlite3.tbd; path = usr/lib/libsqlite3.tbd; sourceTree = SDKROOT; };
		CE7478D723E70E9900D65C99 /* LMRepository.h */ = {isa = PBXFileReference; lastKnownFileType = sourcecode.c.h; path = LMRepository.h; sourceTree = "<group>"; };
		CE7478D823E70E9900D65C99 /* LMRepository.m */ = {isa = PBXFileReference; lastKnownFileType = sourcecode.c.objc; path = LMRepository.m; sourceTree = "<group>"; };
		CE7478DA23E70EA600D65C99 /* LMPackage.h */ = {isa = PBXFileReference; lastKnownFileType = sourcecode.c.h; path = LMPackage.h; sourceTree = "<group>"; };
		CE7478DB23E70EA600D65C99 /* LMPackage.m */ = {isa = PBXFileReference; lastKnownFileType = sourcecode.c.objc; path = LMPackage.m; sourceTree = "<group>"; };
		CEA6391923E6D90B0046CFEF /* Lime.app */ = {isa = PBXFileReference; explicitFileType = wrapper.application; includeInIndex = 0; path = Lime.app; sourceTree = BUILT_PRODUCTS_DIR; };
		CEA6391C23E6D90B0046CFEF /* LMAppDelegate.h */ = {isa = PBXFileReference; lastKnownFileType = sourcecode.c.h; path = LMAppDelegate.h; sourceTree = "<group>"; };
		CEA6391D23E6D90B0046CFEF /* LMAppDelegate.m */ = {isa = PBXFileReference; lastKnownFileType = sourcecode.c.objc; path = LMAppDelegate.m; sourceTree = "<group>"; };
		CEA6392923E6D90B0046CFEF /* Base */ = {isa = PBXFileReference; lastKnownFileType = file.storyboard; name = Base; path = Base.lproj/Main.storyboard; sourceTree = "<group>"; };
		CEA6392B23E6D90E0046CFEF /* Assets.xcassets */ = {isa = PBXFileReference; lastKnownFileType = folder.assetcatalog; path = Assets.xcassets; sourceTree = "<group>"; };
		CEA6392E23E6D90E0046CFEF /* Base */ = {isa = PBXFileReference; lastKnownFileType = file.storyboard; name = Base; path = Base.lproj/LaunchScreen.storyboard; sourceTree = "<group>"; };
		CEA6393023E6D90E0046CFEF /* Info.plist */ = {isa = PBXFileReference; lastKnownFileType = text.plist.xml; path = Info.plist; sourceTree = "<group>"; };
		CEA6393123E6D90E0046CFEF /* main.m */ = {isa = PBXFileReference; lastKnownFileType = sourcecode.c.objc; path = main.m; sourceTree = "<group>"; };
		E12727A323E6ED82006443FF /* LMHomeViewController.h */ = {isa = PBXFileReference; lastKnownFileType = sourcecode.c.h; path = LMHomeViewController.h; sourceTree = "<group>"; };
		E12727A423E6ED82006443FF /* LMHomeViewController.m */ = {isa = PBXFileReference; lastKnownFileType = sourcecode.c.objc; path = LMHomeViewController.m; sourceTree = "<group>"; };
		E12727A623E6EDB5006443FF /* LMSourcesTableViewController.h */ = {isa = PBXFileReference; lastKnownFileType = sourcecode.c.h; path = LMSourcesTableViewController.h; sourceTree = "<group>"; };
		E12727A723E6EDB5006443FF /* LMSourcesTableViewController.m */ = {isa = PBXFileReference; lastKnownFileType = sourcecode.c.objc; path = LMSourcesTableViewController.m; sourceTree = "<group>"; };
		E12727A923E6EDC9006443FF /* LMManageTableViewController.h */ = {isa = PBXFileReference; lastKnownFileType = sourcecode.c.h; path = LMManageTableViewController.h; sourceTree = "<group>"; };
		E12727AA23E6EDC9006443FF /* LMManageTableViewController.m */ = {isa = PBXFileReference; lastKnownFileType = sourcecode.c.objc; path = LMManageTableViewController.m; sourceTree = "<group>"; };
		E12727AC23E6EDDD006443FF /* LMSearchTableViewController.h */ = {isa = PBXFileReference; lastKnownFileType = sourcecode.c.h; path = LMSearchTableViewController.h; sourceTree = "<group>"; };
		E12727AD23E6EDDD006443FF /* LMSearchTableViewController.m */ = {isa = PBXFileReference; lastKnownFileType = sourcecode.c.objc; path = LMSearchTableViewController.m; sourceTree = "<group>"; };
		E12727AF23E6F190006443FF /* Lime.entitlements */ = {isa = PBXFileReference; lastKnownFileType = text.plist.entitlements; path = Lime.entitlements; sourceTree = "<group>"; };
/* End PBXFileReference section */

/* Begin PBXFrameworksBuildPhase section */
		CEA6391623E6D90B0046CFEF /* Frameworks */ = {
			isa = PBXFrameworksBuildPhase;
			buildActionMask = 2147483647;
			files = (
				CE437CEF23E6EDD200C26D54 /* libsqlite3.tbd in Frameworks */,
			);
			runOnlyForDeploymentPostprocessing = 0;
		};
/* End PBXFrameworksBuildPhase section */

/* Begin PBXGroup section */
		CE437CED23E6EDD100C26D54 /* Frameworks */ = {
			isa = PBXGroup;
			children = (
				CE437CEE23E6EDD200C26D54 /* libsqlite3.tbd */,
			);
			name = Frameworks;
			sourceTree = "<group>";
		};
		CEA6391023E6D90B0046CFEF = {
			isa = PBXGroup;
			children = (
				CEA6391B23E6D90B0046CFEF /* Lime */,
				CEA6391A23E6D90B0046CFEF /* Products */,
				CE437CED23E6EDD100C26D54 /* Frameworks */,
			);
			sourceTree = "<group>";
		};
		CEA6391A23E6D90B0046CFEF /* Products */ = {
			isa = PBXGroup;
			children = (
				CEA6391923E6D90B0046CFEF /* Lime.app */,
			);
			name = Products;
			sourceTree = "<group>";
		};
		CEA6391B23E6D90B0046CFEF /* Lime */ = {
			isa = PBXGroup;
			children = (
				E12727A223E6ED5D006443FF /* View Controllers */,
				CEA6391C23E6D90B0046CFEF /* LMAppDelegate.h */,
				CEA6391D23E6D90B0046CFEF /* LMAppDelegate.m */,
				CEA6392823E6D90B0046CFEF /* Main.storyboard */,
				CEA6392B23E6D90E0046CFEF /* Assets.xcassets */,
				CEA6392D23E6D90E0046CFEF /* LaunchScreen.storyboard */,
				CEA6393023E6D90E0046CFEF /* Info.plist */,
				CEA6393123E6D90E0046CFEF /* main.m */,
				CE437CEA23E6E86300C26D54 /* LMDatabase.h */,
				CE437CEB23E6E86300C26D54 /* LMDatabase.m */,
				E12727AF23E6F190006443FF /* Lime.entitlements */,
				CE7478D723E70E9900D65C99 /* LMRepository.h */,
				CE7478D823E70E9900D65C99 /* LMRepository.m */,
				CE7478DA23E70EA600D65C99 /* LMPackage.h */,
				CE7478DB23E70EA600D65C99 /* LMPackage.m */,
			);
			path = Lime;
			sourceTree = "<group>";
		};
		E12727A223E6ED5D006443FF /* View Controllers */ = {
			isa = PBXGroup;
			children = (
				E12727A323E6ED82006443FF /* LMHomeViewController.h */,
				E12727A423E6ED82006443FF /* LMHomeViewController.m */,
				E12727A623E6EDB5006443FF /* LMSourcesTableViewController.h */,
				E12727A723E6EDB5006443FF /* LMSourcesTableViewController.m */,
				E12727A923E6EDC9006443FF /* LMManageTableViewController.h */,
				E12727AA23E6EDC9006443FF /* LMManageTableViewController.m */,
				E12727AC23E6EDDD006443FF /* LMSearchTableViewController.h */,
				E12727AD23E6EDDD006443FF /* LMSearchTableViewController.m */,
			);
			path = "View Controllers";
			sourceTree = "<group>";
		};
/* End PBXGroup section */

/* Begin PBXNativeTarget section */
		CEA6391823E6D90B0046CFEF /* Lime */ = {
			isa = PBXNativeTarget;
			buildConfigurationList = CEA6393523E6D90E0046CFEF /* Build configuration list for PBXNativeTarget "Lime" */;
			buildPhases = (
				CEA6391523E6D90B0046CFEF /* Sources */,
				CEA6391623E6D90B0046CFEF /* Frameworks */,
				CEA6391723E6D90B0046CFEF /* Resources */,
			);
			buildRules = (
			);
			dependencies = (
			);
			name = Lime;
			productName = Lime;
			productReference = CEA6391923E6D90B0046CFEF /* Lime.app */;
			productType = "com.apple.product-type.application";
		};
/* End PBXNativeTarget section */

/* Begin PBXProject section */
		CEA6391123E6D90B0046CFEF /* Project object */ = {
			isa = PBXProject;
			attributes = {
				LastUpgradeCheck = 1130;
				ORGANIZATIONNAME = Citrusware;
				TargetAttributes = {
					CEA6391823E6D90B0046CFEF = {
						CreatedOnToolsVersion = 11.3.1;
					};
				};
			};
			buildConfigurationList = CEA6391423E6D90B0046CFEF /* Build configuration list for PBXProject "Lime" */;
			compatibilityVersion = "Xcode 9.3";
			developmentRegion = en;
			hasScannedForEncodings = 0;
			knownRegions = (
				en,
				Base,
			);
			mainGroup = CEA6391023E6D90B0046CFEF;
			productRefGroup = CEA6391A23E6D90B0046CFEF /* Products */;
			projectDirPath = "";
			projectRoot = "";
			targets = (
				CEA6391823E6D90B0046CFEF /* Lime */,
			);
		};
/* End PBXProject section */

/* Begin PBXResourcesBuildPhase section */
		CEA6391723E6D90B0046CFEF /* Resources */ = {
			isa = PBXResourcesBuildPhase;
			buildActionMask = 2147483647;
			files = (
				CEA6392F23E6D90E0046CFEF /* LaunchScreen.storyboard in Resources */,
				CEA6392C23E6D90E0046CFEF /* Assets.xcassets in Resources */,
				CEA6392A23E6D90B0046CFEF /* Main.storyboard in Resources */,
			);
			runOnlyForDeploymentPostprocessing = 0;
		};
/* End PBXResourcesBuildPhase section */

/* Begin PBXSourcesBuildPhase section */
		CEA6391523E6D90B0046CFEF /* Sources */ = {
			isa = PBXSourcesBuildPhase;
			buildActionMask = 2147483647;
			files = (
				E12727AB23E6EDC9006443FF /* LMManageTableViewController.m in Sources */,
				CEA6393223E6D90E0046CFEF /* main.m in Sources */,
				CE7478D923E70E9900D65C99 /* LMRepository.m in Sources */,
				CE437CEC23E6E86300C26D54 /* LMDatabase.m in Sources */,
				CE7478DC23E70EA600D65C99 /* LMPackage.m in Sources */,
				E12727A823E6EDB5006443FF /* LMSourcesTableViewController.m in Sources */,
				CEA6391E23E6D90B0046CFEF /* LMAppDelegate.m in Sources */,
				E12727AE23E6EDDD006443FF /* LMSearchTableViewController.m in Sources */,
				E12727A523E6ED82006443FF /* LMHomeViewController.m in Sources */,
			);
			runOnlyForDeploymentPostprocessing = 0;
		};
/* End PBXSourcesBuildPhase section */

/* Begin PBXVariantGroup section */
		CEA6392823E6D90B0046CFEF /* Main.storyboard */ = {
			isa = PBXVariantGroup;
			children = (
				CEA6392923E6D90B0046CFEF /* Base */,
			);
			name = Main.storyboard;
			sourceTree = "<group>";
		};
		CEA6392D23E6D90E0046CFEF /* LaunchScreen.storyboard */ = {
			isa = PBXVariantGroup;
			children = (
				CEA6392E23E6D90E0046CFEF /* Base */,
			);
			name = LaunchScreen.storyboard;
			sourceTree = "<group>";
		};
/* End PBXVariantGroup section */

/* Begin XCBuildConfiguration section */
		CEA6393323E6D90E0046CFEF /* Debug */ = {
			isa = XCBuildConfiguration;
			buildSettings = {
				ALWAYS_SEARCH_USER_PATHS = NO;
				CLANG_ANALYZER_NONNULL = YES;
				CLANG_ANALYZER_NUMBER_OBJECT_CONVERSION = YES_AGGRESSIVE;
				CLANG_CXX_LANGUAGE_STANDARD = "gnu++14";
				CLANG_CXX_LIBRARY = "libc++";
				CLANG_ENABLE_MODULES = YES;
				CLANG_ENABLE_OBJC_ARC = YES;
				CLANG_ENABLE_OBJC_WEAK = YES;
				CLANG_WARN_BLOCK_CAPTURE_AUTORELEASING = YES;
				CLANG_WARN_BOOL_CONVERSION = YES;
				CLANG_WARN_COMMA = YES;
				CLANG_WARN_CONSTANT_CONVERSION = YES;
				CLANG_WARN_DEPRECATED_OBJC_IMPLEMENTATIONS = YES;
				CLANG_WARN_DIRECT_OBJC_ISA_USAGE = YES_ERROR;
				CLANG_WARN_DOCUMENTATION_COMMENTS = YES;
				CLANG_WARN_EMPTY_BODY = YES;
				CLANG_WARN_ENUM_CONVERSION = YES;
				CLANG_WARN_INFINITE_RECURSION = YES;
				CLANG_WARN_INT_CONVERSION = YES;
				CLANG_WARN_NON_LITERAL_NULL_CONVERSION = YES;
				CLANG_WARN_OBJC_IMPLICIT_RETAIN_SELF = YES;
				CLANG_WARN_OBJC_LITERAL_CONVERSION = YES;
				CLANG_WARN_OBJC_ROOT_CLASS = YES_ERROR;
				CLANG_WARN_RANGE_LOOP_ANALYSIS = YES;
				CLANG_WARN_STRICT_PROTOTYPES = YES;
				CLANG_WARN_SUSPICIOUS_MOVE = YES;
				CLANG_WARN_UNGUARDED_AVAILABILITY = YES_AGGRESSIVE;
				CLANG_WARN_UNREACHABLE_CODE = YES;
				CLANG_WARN__DUPLICATE_METHOD_MATCH = YES;
				COPY_PHASE_STRIP = NO;
				DEBUG_INFORMATION_FORMAT = dwarf;
				ENABLE_STRICT_OBJC_MSGSEND = YES;
				ENABLE_TESTABILITY = YES;
				GCC_C_LANGUAGE_STANDARD = gnu11;
				GCC_DYNAMIC_NO_PIC = NO;
				GCC_NO_COMMON_BLOCKS = YES;
				GCC_OPTIMIZATION_LEVEL = 0;
				GCC_PREPROCESSOR_DEFINITIONS = (
					"DEBUG=1",
					"$(inherited)",
				);
				GCC_WARN_64_TO_32_BIT_CONVERSION = YES;
				GCC_WARN_ABOUT_RETURN_TYPE = YES_ERROR;
				GCC_WARN_UNDECLARED_SELECTOR = YES;
				GCC_WARN_UNINITIALIZED_AUTOS = YES_AGGRESSIVE;
				GCC_WARN_UNUSED_FUNCTION = YES;
				GCC_WARN_UNUSED_VARIABLE = YES;
				IPHONEOS_DEPLOYMENT_TARGET = 13.2;
				MTL_ENABLE_DEBUG_INFO = INCLUDE_SOURCE;
				MTL_FAST_MATH = YES;
				ONLY_ACTIVE_ARCH = YES;
				SDKROOT = iphoneos;
			};
			name = Debug;
		};
		CEA6393423E6D90E0046CFEF /* Release */ = {
			isa = XCBuildConfiguration;
			buildSettings = {
				ALWAYS_SEARCH_USER_PATHS = NO;
				CLANG_ANALYZER_NONNULL = YES;
				CLANG_ANALYZER_NUMBER_OBJECT_CONVERSION = YES_AGGRESSIVE;
				CLANG_CXX_LANGUAGE_STANDARD = "gnu++14";
				CLANG_CXX_LIBRARY = "libc++";
				CLANG_ENABLE_MODULES = YES;
				CLANG_ENABLE_OBJC_ARC = YES;
				CLANG_ENABLE_OBJC_WEAK = YES;
				CLANG_WARN_BLOCK_CAPTURE_AUTORELEASING = YES;
				CLANG_WARN_BOOL_CONVERSION = YES;
				CLANG_WARN_COMMA = YES;
				CLANG_WARN_CONSTANT_CONVERSION = YES;
				CLANG_WARN_DEPRECATED_OBJC_IMPLEMENTATIONS = YES;
				CLANG_WARN_DIRECT_OBJC_ISA_USAGE = YES_ERROR;
				CLANG_WARN_DOCUMENTATION_COMMENTS = YES;
				CLANG_WARN_EMPTY_BODY = YES;
				CLANG_WARN_ENUM_CONVERSION = YES;
				CLANG_WARN_INFINITE_RECURSION = YES;
				CLANG_WARN_INT_CONVERSION = YES;
				CLANG_WARN_NON_LITERAL_NULL_CONVERSION = YES;
				CLANG_WARN_OBJC_IMPLICIT_RETAIN_SELF = YES;
				CLANG_WARN_OBJC_LITERAL_CONVERSION = YES;
				CLANG_WARN_OBJC_ROOT_CLASS = YES_ERROR;
				CLANG_WARN_RANGE_LOOP_ANALYSIS = YES;
				CLANG_WARN_STRICT_PROTOTYPES = YES;
				CLANG_WARN_SUSPICIOUS_MOVE = YES;
				CLANG_WARN_UNGUARDED_AVAILABILITY = YES_AGGRESSIVE;
				CLANG_WARN_UNREACHABLE_CODE = YES;
				CLANG_WARN__DUPLICATE_METHOD_MATCH = YES;
				COPY_PHASE_STRIP = NO;
				DEBUG_INFORMATION_FORMAT = "dwarf-with-dsym";
				ENABLE_NS_ASSERTIONS = NO;
				ENABLE_STRICT_OBJC_MSGSEND = YES;
				GCC_C_LANGUAGE_STANDARD = gnu11;
				GCC_NO_COMMON_BLOCKS = YES;
				GCC_WARN_64_TO_32_BIT_CONVERSION = YES;
				GCC_WARN_ABOUT_RETURN_TYPE = YES_ERROR;
				GCC_WARN_UNDECLARED_SELECTOR = YES;
				GCC_WARN_UNINITIALIZED_AUTOS = YES_AGGRESSIVE;
				GCC_WARN_UNUSED_FUNCTION = YES;
				GCC_WARN_UNUSED_VARIABLE = YES;
				IPHONEOS_DEPLOYMENT_TARGET = 13.2;
				MTL_ENABLE_DEBUG_INFO = NO;
				MTL_FAST_MATH = YES;
				SDKROOT = iphoneos;
				VALIDATE_PRODUCT = YES;
			};
			name = Release;
		};
		CEA6393623E6D90E0046CFEF /* Debug */ = {
			isa = XCBuildConfiguration;
			buildSettings = {
				ASSETCATALOG_COMPILER_APPICON_NAME = AppIcon;
				CODE_SIGN_STYLE = Automatic;
				DEVELOPMENT_TEAM = "";
				INFOPLIST_FILE = Lime/Info.plist;
				IPHONEOS_DEPLOYMENT_TARGET = 9.0;
				LD_RUNPATH_SEARCH_PATHS = (
					"$(inherited)",
					"@executable_path/Frameworks",
				);
				PRODUCT_BUNDLE_IDENTIFIER = com.citrusware.Lime;
				PRODUCT_NAME = "$(TARGET_NAME)";
				TARGETED_DEVICE_FAMILY = "1,2";
				VALID_ARCHS = "arm64 arm64e armv7";
			};
			name = Debug;
		};
		CEA6393723E6D90E0046CFEF /* Release */ = {
			isa = XCBuildConfiguration;
			buildSettings = {
				ASSETCATALOG_COMPILER_APPICON_NAME = AppIcon;
				CODE_SIGN_STYLE = Automatic;
				DEVELOPMENT_TEAM = "";
				INFOPLIST_FILE = Lime/Info.plist;
				IPHONEOS_DEPLOYMENT_TARGET = 9.0;
				LD_RUNPATH_SEARCH_PATHS = (
					"$(inherited)",
					"@executable_path/Frameworks",
				);
				PRODUCT_BUNDLE_IDENTIFIER = com.citrusware.Lime;
				PRODUCT_NAME = "$(TARGET_NAME)";
				TARGETED_DEVICE_FAMILY = "1,2";
				VALID_ARCHS = "arm64 arm64e armv7";
			};
			name = Release;
		};
/* End XCBuildConfiguration section */

/* Begin XCConfigurationList section */
		CEA6391423E6D90B0046CFEF /* Build configuration list for PBXProject "Lime" */ = {
			isa = XCConfigurationList;
			buildConfigurations = (
				CEA6393323E6D90E0046CFEF /* Debug */,
				CEA6393423E6D90E0046CFEF /* Release */,
			);
			defaultConfigurationIsVisible = 0;
			defaultConfigurationName = Release;
		};
		CEA6393523E6D90E0046CFEF /* Build configuration list for PBXNativeTarget "Lime" */ = {
			isa = XCConfigurationList;
			buildConfigurations = (
				CEA6393623E6D90E0046CFEF /* Debug */,
				CEA6393723E6D90E0046CFEF /* Release */,
			);
			defaultConfigurationIsVisible = 0;
			defaultConfigurationName = Release;
		};
/* End XCConfigurationList section */
	};
	rootObject = CEA6391123E6D90B0046CFEF /* Project object */;
}
