// !$*UTF8*$!
{
	archiveVersion = 1;
	classes = {
	};
	objectVersion = 50;
	objects = {

/* Begin PBXBuildFile section */
		4D0576BA2380675C002F2968 /* LMHomeController.m in Sources */ = {isa = PBXBuildFile; fileRef = 4D0576B92380675C002F2968 /* LMHomeController.m */; };
		4D0576BE23806801002F2968 /* LMTHOTWCard.m in Sources */ = {isa = PBXBuildFile; fileRef = 4D0576BD23806801002F2968 /* LMTHOTWCard.m */; };
		4D2D53DB23802CD500A7076C /* AppDelegate.m in Sources */ = {isa = PBXBuildFile; fileRef = 4D2D53DA23802CD500A7076C /* AppDelegate.m */; };
		4D2D53E423802CD500A7076C /* Main.storyboard in Resources */ = {isa = PBXBuildFile; fileRef = 4D2D53E223802CD500A7076C /* Main.storyboard */; };
		4D2D53E623802CD500A7076C /* Assets.xcassets in Resources */ = {isa = PBXBuildFile; fileRef = 4D2D53E523802CD500A7076C /* Assets.xcassets */; };
		4D2D53E923802CD600A7076C /* LaunchScreen.storyboard in Resources */ = {isa = PBXBuildFile; fileRef = 4D2D53E723802CD600A7076C /* LaunchScreen.storyboard */; };
		4D2D53EC23802CD600A7076C /* main.m in Sources */ = {isa = PBXBuildFile; fileRef = 4D2D53EB23802CD600A7076C /* main.m */; };
/* End PBXBuildFile section */

/* Begin PBXFileReference section */
		4D0576B82380675C002F2968 /* LMHomeController.h */ = {isa = PBXFileReference; lastKnownFileType = sourcecode.c.h; path = LMHomeController.h; sourceTree = "<group>"; };
		4D0576B92380675C002F2968 /* LMHomeController.m */ = {isa = PBXFileReference; lastKnownFileType = sourcecode.c.objc; path = LMHomeController.m; sourceTree = "<group>"; };
		4D0576BC23806801002F2968 /* LMTHOTWCard.h */ = {isa = PBXFileReference; lastKnownFileType = sourcecode.c.h; path = LMTHOTWCard.h; sourceTree = "<group>"; };
		4D0576BD23806801002F2968 /* LMTHOTWCard.m */ = {isa = PBXFileReference; lastKnownFileType = sourcecode.c.objc; path = LMTHOTWCard.m; sourceTree = "<group>"; };
		4D2D53D623802CD500A7076C /* Lime.app */ = {isa = PBXFileReference; explicitFileType = wrapper.application; includeInIndex = 0; path = Lime.app; sourceTree = BUILT_PRODUCTS_DIR; };
		4D2D53D923802CD500A7076C /* AppDelegate.h */ = {isa = PBXFileReference; lastKnownFileType = sourcecode.c.h; path = AppDelegate.h; sourceTree = "<group>"; };
		4D2D53DA23802CD500A7076C /* AppDelegate.m */ = {isa = PBXFileReference; lastKnownFileType = sourcecode.c.objc; path = AppDelegate.m; sourceTree = "<group>"; };
		4D2D53E323802CD500A7076C /* Base */ = {isa = PBXFileReference; lastKnownFileType = file.storyboard; name = Base; path = Base.lproj/Main.storyboard; sourceTree = "<group>"; };
		4D2D53E523802CD500A7076C /* Assets.xcassets */ = {isa = PBXFileReference; lastKnownFileType = folder.assetcatalog; path = Assets.xcassets; sourceTree = "<group>"; };
		4D2D53E823802CD600A7076C /* Base */ = {isa = PBXFileReference; lastKnownFileType = file.storyboard; name = Base; path = Base.lproj/LaunchScreen.storyboard; sourceTree = "<group>"; };
		4D2D53EA23802CD600A7076C /* Info.plist */ = {isa = PBXFileReference; lastKnownFileType = text.plist.xml; path = Info.plist; sourceTree = "<group>"; };
		4D2D53EB23802CD600A7076C /* main.m */ = {isa = PBXFileReference; lastKnownFileType = sourcecode.c.objc; path = main.m; sourceTree = "<group>"; };
/* End PBXFileReference section */

/* Begin PBXFrameworksBuildPhase section */
		4D2D53D323802CD500A7076C /* Frameworks */ = {
			isa = PBXFrameworksBuildPhase;
			buildActionMask = 2147483647;
			files = (
			);
			runOnlyForDeploymentPostprocessing = 0;
		};
/* End PBXFrameworksBuildPhase section */

/* Begin PBXGroup section */
		4D0576B723806714002F2968 /* View Controllers */ = {
			isa = PBXGroup;
			children = (
				4D0576B82380675C002F2968 /* LMHomeController.h */,
				4D0576B92380675C002F2968 /* LMHomeController.m */,
			);
			path = "View Controllers";
			sourceTree = "<group>";
		};
		4D0576BB238067CD002F2968 /* UI Elements */ = {
			isa = PBXGroup;
			children = (
				4D0576BC23806801002F2968 /* LMTHOTWCard.h */,
				4D0576BD23806801002F2968 /* LMTHOTWCard.m */,
			);
			path = "UI Elements";
			sourceTree = "<group>";
		};
		4D2D53CD23802CD500A7076C = {
			isa = PBXGroup;
			children = (
				4D2D53D823802CD500A7076C /* Lime */,
				4D2D53D723802CD500A7076C /* Products */,
			);
			sourceTree = "<group>";
		};
		4D2D53D723802CD500A7076C /* Products */ = {
			isa = PBXGroup;
			children = (
				4D2D53D623802CD500A7076C /* Lime.app */,
			);
			name = Products;
			sourceTree = "<group>";
		};
		4D2D53D823802CD500A7076C /* Lime */ = {
			isa = PBXGroup;
			children = (
				4D2D53D923802CD500A7076C /* AppDelegate.h */,
				4D2D53DA23802CD500A7076C /* AppDelegate.m */,
				4D0576BB238067CD002F2968 /* UI Elements */,
				4D0576B723806714002F2968 /* View Controllers */,
				4D2D53E223802CD500A7076C /* Main.storyboard */,
				4D2D53E523802CD500A7076C /* Assets.xcassets */,
				4D2D53E723802CD600A7076C /* LaunchScreen.storyboard */,
				4D2D53EA23802CD600A7076C /* Info.plist */,
				4D2D53EB23802CD600A7076C /* main.m */,
			);
			path = Lime;
			sourceTree = "<group>";
		};
/* End PBXGroup section */

/* Begin PBXNativeTarget section */
		4D2D53D523802CD500A7076C /* Lime */ = {
			isa = PBXNativeTarget;
			buildConfigurationList = 4D2D53EF23802CD600A7076C /* Build configuration list for PBXNativeTarget "Lime" */;
			buildPhases = (
				4D2D53D223802CD500A7076C /* Sources */,
				4D2D53D323802CD500A7076C /* Frameworks */,
				4D2D53D423802CD500A7076C /* Resources */,
			);
			buildRules = (
			);
			dependencies = (
			);
			name = Lime;
			productName = Lime;
			productReference = 4D2D53D623802CD500A7076C /* Lime.app */;
			productType = "com.apple.product-type.application";
		};
/* End PBXNativeTarget section */

/* Begin PBXProject section */
		4D2D53CE23802CD500A7076C /* Project object */ = {
			isa = PBXProject;
			attributes = {
				LastUpgradeCheck = 1110;
				ORGANIZATIONNAME = EvenDev;
				TargetAttributes = {
					4D2D53D523802CD500A7076C = {
						CreatedOnToolsVersion = 11.1;
					};
				};
			};
			buildConfigurationList = 4D2D53D123802CD500A7076C /* Build configuration list for PBXProject "Lime" */;
			compatibilityVersion = "Xcode 9.3";
			developmentRegion = en;
			hasScannedForEncodings = 0;
			knownRegions = (
				en,
				Base,
			);
			mainGroup = 4D2D53CD23802CD500A7076C;
			productRefGroup = 4D2D53D723802CD500A7076C /* Products */;
			projectDirPath = "";
			projectRoot = "";
			targets = (
				4D2D53D523802CD500A7076C /* Lime */,
			);
		};
/* End PBXProject section */

/* Begin PBXResourcesBuildPhase section */
		4D2D53D423802CD500A7076C /* Resources */ = {
			isa = PBXResourcesBuildPhase;
			buildActionMask = 2147483647;
			files = (
				4D2D53E923802CD600A7076C /* LaunchScreen.storyboard in Resources */,
				4D2D53E623802CD500A7076C /* Assets.xcassets in Resources */,
				4D2D53E423802CD500A7076C /* Main.storyboard in Resources */,
			);
			runOnlyForDeploymentPostprocessing = 0;
		};
/* End PBXResourcesBuildPhase section */

/* Begin PBXSourcesBuildPhase section */
		4D2D53D223802CD500A7076C /* Sources */ = {
			isa = PBXSourcesBuildPhase;
			buildActionMask = 2147483647;
			files = (
				4D0576BA2380675C002F2968 /* LMHomeController.m in Sources */,
				4D0576BE23806801002F2968 /* LMTHOTWCard.m in Sources */,
				4D2D53DB23802CD500A7076C /* AppDelegate.m in Sources */,
				4D2D53EC23802CD600A7076C /* main.m in Sources */,
			);
			runOnlyForDeploymentPostprocessing = 0;
		};
/* End PBXSourcesBuildPhase section */

/* Begin PBXVariantGroup section */
		4D2D53E223802CD500A7076C /* Main.storyboard */ = {
			isa = PBXVariantGroup;
			children = (
				4D2D53E323802CD500A7076C /* Base */,
			);
			name = Main.storyboard;
			sourceTree = "<group>";
		};
		4D2D53E723802CD600A7076C /* LaunchScreen.storyboard */ = {
			isa = PBXVariantGroup;
			children = (
				4D2D53E823802CD600A7076C /* Base */,
			);
			name = LaunchScreen.storyboard;
			sourceTree = "<group>";
		};
/* End PBXVariantGroup section */

/* Begin XCBuildConfiguration section */
		4D2D53ED23802CD600A7076C /* Debug */ = {
			isa = XCBuildConfiguration;
			buildSettings = {
				ALWAYS_SEARCH_USER_PATHS = NO;
				CLANG_ANALYZER_NONNULL = YES;
				CLANG_ANALYZER_NUMBER_OBJECT_CONVERSION = YES_AGGRESSIVE;
				CLANG_CXX_LANGUAGE_STANDARD = "gnu++14";
				CLANG_CXX_LIBRARY = "libc++";
				CLANG_ENABLE_MODULES = YES;
				CLANG_ENABLE_OBJC_ARC = YES;
				CLANG_ENABLE_OBJC_WEAK = YES;
				CLANG_WARN_BLOCK_CAPTURE_AUTORELEASING = YES;
				CLANG_WARN_BOOL_CONVERSION = YES;
				CLANG_WARN_COMMA = YES;
				CLANG_WARN_CONSTANT_CONVERSION = YES;
				CLANG_WARN_DEPRECATED_OBJC_IMPLEMENTATIONS = YES;
				CLANG_WARN_DIRECT_OBJC_ISA_USAGE = YES_ERROR;
				CLANG_WARN_DOCUMENTATION_COMMENTS = YES;
				CLANG_WARN_EMPTY_BODY = YES;
				CLANG_WARN_ENUM_CONVERSION = YES;
				CLANG_WARN_INFINITE_RECURSION = YES;
				CLANG_WARN_INT_CONVERSION = YES;
				CLANG_WARN_NON_LITERAL_NULL_CONVERSION = YES;
				CLANG_WARN_OBJC_IMPLICIT_RETAIN_SELF = YES;
				CLANG_WARN_OBJC_LITERAL_CONVERSION = YES;
				CLANG_WARN_OBJC_ROOT_CLASS = YES_ERROR;
				CLANG_WARN_RANGE_LOOP_ANALYSIS = YES;
				CLANG_WARN_STRICT_PROTOTYPES = YES;
				CLANG_WARN_SUSPICIOUS_MOVE = YES;
				CLANG_WARN_UNGUARDED_AVAILABILITY = YES_AGGRESSIVE;
				CLANG_WARN_UNREACHABLE_CODE = YES;
				CLANG_WARN__DUPLICATE_METHOD_MATCH = YES;
				COPY_PHASE_STRIP = NO;
				DEBUG_INFORMATION_FORMAT = dwarf;
				ENABLE_STRICT_OBJC_MSGSEND = YES;
				ENABLE_TESTABILITY = YES;
				GCC_C_LANGUAGE_STANDARD = gnu11;
				GCC_DYNAMIC_NO_PIC = NO;
				GCC_NO_COMMON_BLOCKS = YES;
				GCC_OPTIMIZATION_LEVEL = 0;
				GCC_PREPROCESSOR_DEFINITIONS = (
					"DEBUG=1",
					"$(inherited)",
				);
				GCC_WARN_64_TO_32_BIT_CONVERSION = YES;
				GCC_WARN_ABOUT_RETURN_TYPE = YES_ERROR;
				GCC_WARN_UNDECLARED_SELECTOR = YES;
				GCC_WARN_UNINITIALIZED_AUTOS = YES_AGGRESSIVE;
				GCC_WARN_UNUSED_FUNCTION = YES;
				GCC_WARN_UNUSED_VARIABLE = YES;
				IPHONEOS_DEPLOYMENT_TARGET = 13.1;
				MTL_ENABLE_DEBUG_INFO = INCLUDE_SOURCE;
				MTL_FAST_MATH = YES;
				ONLY_ACTIVE_ARCH = YES;
				SDKROOT = iphoneos;
			};
			name = Debug;
		};
		4D2D53EE23802CD600A7076C /* Release */ = {
			isa = XCBuildConfiguration;
			buildSettings = {
				ALWAYS_SEARCH_USER_PATHS = NO;
				CLANG_ANALYZER_NONNULL = YES;
				CLANG_ANALYZER_NUMBER_OBJECT_CONVERSION = YES_AGGRESSIVE;
				CLANG_CXX_LANGUAGE_STANDARD = "gnu++14";
				CLANG_CXX_LIBRARY = "libc++";
				CLANG_ENABLE_MODULES = YES;
				CLANG_ENABLE_OBJC_ARC = YES;
				CLANG_ENABLE_OBJC_WEAK = YES;
				CLANG_WARN_BLOCK_CAPTURE_AUTORELEASING = YES;
				CLANG_WARN_BOOL_CONVERSION = YES;
				CLANG_WARN_COMMA = YES;
				CLANG_WARN_CONSTANT_CONVERSION = YES;
				CLANG_WARN_DEPRECATED_OBJC_IMPLEMENTATIONS = YES;
				CLANG_WARN_DIRECT_OBJC_ISA_USAGE = YES_ERROR;
				CLANG_WARN_DOCUMENTATION_COMMENTS = YES;
				CLANG_WARN_EMPTY_BODY = YES;
				CLANG_WARN_ENUM_CONVERSION = YES;
				CLANG_WARN_INFINITE_RECURSION = YES;
				CLANG_WARN_INT_CONVERSION = YES;
				CLANG_WARN_NON_LITERAL_NULL_CONVERSION = YES;
				CLANG_WARN_OBJC_IMPLICIT_RETAIN_SELF = YES;
				CLANG_WARN_OBJC_LITERAL_CONVERSION = YES;
				CLANG_WARN_OBJC_ROOT_CLASS = YES_ERROR;
				CLANG_WARN_RANGE_LOOP_ANALYSIS = YES;
				CLANG_WARN_STRICT_PROTOTYPES = YES;
				CLANG_WARN_SUSPICIOUS_MOVE = YES;
				CLANG_WARN_UNGUARDED_AVAILABILITY = YES_AGGRESSIVE;
				CLANG_WARN_UNREACHABLE_CODE = YES;
				CLANG_WARN__DUPLICATE_METHOD_MATCH = YES;
				COPY_PHASE_STRIP = NO;
				DEBUG_INFORMATION_FORMAT = "dwarf-with-dsym";
				ENABLE_NS_ASSERTIONS = NO;
				ENABLE_STRICT_OBJC_MSGSEND = YES;
				GCC_C_LANGUAGE_STANDARD = gnu11;
				GCC_NO_COMMON_BLOCKS = YES;
				GCC_WARN_64_TO_32_BIT_CONVERSION = YES;
				GCC_WARN_ABOUT_RETURN_TYPE = YES_ERROR;
				GCC_WARN_UNDECLARED_SELECTOR = YES;
				GCC_WARN_UNINITIALIZED_AUTOS = YES_AGGRESSIVE;
				GCC_WARN_UNUSED_FUNCTION = YES;
				GCC_WARN_UNUSED_VARIABLE = YES;
				IPHONEOS_DEPLOYMENT_TARGET = 13.1;
				MTL_ENABLE_DEBUG_INFO = NO;
				MTL_FAST_MATH = YES;
				SDKROOT = iphoneos;
				VALIDATE_PRODUCT = YES;
			};
			name = Release;
		};
		4D2D53F023802CD600A7076C /* Debug */ = {
			isa = XCBuildConfiguration;
			buildSettings = {
				ASSETCATALOG_COMPILER_APPICON_NAME = AppIcon;
				CODE_SIGN_STYLE = Automatic;
				DEVELOPMENT_TEAM = 9859KQSN8L;
				INFOPLIST_FILE = Lime/Info.plist;
				IPHONEOS_DEPLOYMENT_TARGET = 11.0;
				LD_RUNPATH_SEARCH_PATHS = (
					"$(inherited)",
					"@executable_path/Frameworks",
				);
				PRODUCT_BUNDLE_IDENTIFIER = com.citrusware.Lime;
				PRODUCT_NAME = "$(TARGET_NAME)";
				TARGETED_DEVICE_FAMILY = "1,2";
			};
			name = Debug;
		};
		4D2D53F123802CD600A7076C /* Release */ = {
			isa = XCBuildConfiguration;
			buildSettings = {
				ASSETCATALOG_COMPILER_APPICON_NAME = AppIcon;
				CODE_SIGN_STYLE = Automatic;
				DEVELOPMENT_TEAM = 9859KQSN8L;
				INFOPLIST_FILE = Lime/Info.plist;
				IPHONEOS_DEPLOYMENT_TARGET = 11.0;
				LD_RUNPATH_SEARCH_PATHS = (
					"$(inherited)",
					"@executable_path/Frameworks",
				);
				PRODUCT_BUNDLE_IDENTIFIER = com.citrusware.Lime;
				PRODUCT_NAME = "$(TARGET_NAME)";
				TARGETED_DEVICE_FAMILY = "1,2";
			};
			name = Release;
		};
/* End XCBuildConfiguration section */

/* Begin XCConfigurationList section */
		4D2D53D123802CD500A7076C /* Build configuration list for PBXProject "Lime" */ = {
			isa = XCConfigurationList;
			buildConfigurations = (
				4D2D53ED23802CD600A7076C /* Debug */,
				4D2D53EE23802CD600A7076C /* Release */,
			);
			defaultConfigurationIsVisible = 0;
			defaultConfigurationName = Release;
		};
		4D2D53EF23802CD600A7076C /* Build configuration list for PBXNativeTarget "Lime" */ = {
			isa = XCConfigurationList;
			buildConfigurations = (
				4D2D53F023802CD600A7076C /* Debug */,
				4D2D53F123802CD600A7076C /* Release */,
			);
			defaultConfigurationIsVisible = 0;
			defaultConfigurationName = Release;
		};
/* End XCConfigurationList section */
	};
	rootObject = 4D2D53CE23802CD500A7076C /* Project object */;
}
